
Microsoft Visual Studio Solution File, Format Version 12.00
# Visual Studio Version 17
VisualStudioVersion = 17.5.33424.131
MinimumVisualStudioVersion = 10.0.40219.1
Project("{9A19103F-16F7-4668-BE54-9A1E7A4F7556}") = "CriteriaProperties.Module", "CriteriaProperties.Module\CriteriaProperties.Module.csproj", "{2D9D8351-65FA-4D7B-8F57-CDA8EE4CDFC1}"
EndProject
Project("{9A19103F-16F7-4668-BE54-9A1E7A4F7556}") = "CriteriaProperties.Win", "CriteriaProperties.Win\CriteriaProperties.Win.csproj", "{BB2E9274-4F28-450D-9A8E-1F526373C305}"
EndProject
Project("{9A19103F-16F7-4668-BE54-9A1E7A4F7556}") = "CriteriaProperties.Blazor.Server", "CriteriaProperties.Blazor.Server\CriteriaProperties.Blazor.Server.csproj", "{FC6E7ADD-0C08-4B3C-8C01-4D4516553040}"
EndProject
Global
	GlobalSection(SolutionConfigurationPlatforms) = preSolution
		Debug|Any CPU = Debug|Any CPU
		EasyTest|Any CPU = EasyTest|Any CPU
		Release|Any CPU = Release|Any CPU
	EndGlobalSection
	GlobalSection(ProjectConfigurationPlatforms) = postSolution
		{2D9D8351-65FA-4D7B-8F57-CDA8EE4CDFC1}.Debug|Any CPU.ActiveCfg = Debug|Any CPU
		{2D9D8351-65FA-4D7B-8F57-CDA8EE4CDFC1}.Debug|Any CPU.Build.0 = Debug|Any CPU
		{2D9D8351-65FA-4D7B-8F57-CDA8EE4CDFC1}.EasyTest|Any CPU.ActiveCfg = EasyTest|Any CPU
		{2D9D8351-65FA-4D7B-8F57-CDA8EE4CDFC1}.EasyTest|Any CPU.Build.0 = EasyTest|Any CPU
		{2D9D8351-65FA-4D7B-8F57-CDA8EE4CDFC1}.Release|Any CPU.ActiveCfg = Release|Any CPU
		{2D9D8351-65FA-4D7B-8F57-CDA8EE4CDFC1}.Release|Any CPU.Build.0 = Release|Any CPU
		{BB2E9274-4F28-450D-9A8E-1F526373C305}.Debug|Any CPU.ActiveCfg = Debug|Any CPU
		{BB2E9274-4F28-450D-9A8E-1F526373C305}.Debug|Any CPU.Build.0 = Debug|Any CPU
		{BB2E9274-4F28-450D-9A8E-1F526373C305}.EasyTest|Any CPU.ActiveCfg = EasyTest|Any CPU
		{BB2E9274-4F28-450D-9A8E-1F526373C305}.EasyTest|Any CPU.Build.0 = EasyTest|Any CPU
		{BB2E9274-4F28-450D-9A8E-1F526373C305}.Release|Any CPU.ActiveCfg = Release|Any CPU
		{BB2E9274-4F28-450D-9A8E-1F526373C305}.Release|Any CPU.Build.0 = Release|Any CPU
		{FC6E7ADD-0C08-4B3C-8C01-4D4516553040}.Debug|Any CPU.ActiveCfg = Debug|Any CPU
		{FC6E7ADD-0C08-4B3C-8C01-4D4516553040}.Debug|Any CPU.Build.0 = Debug|Any CPU
		{FC6E7ADD-0C08-4B3C-8C01-4D4516553040}.EasyTest|Any CPU.ActiveCfg = EasyTest|Any CPU
		{FC6E7ADD-0C08-4B3C-8C01-4D4516553040}.EasyTest|Any CPU.Build.0 = EasyTest|Any CPU
		{FC6E7ADD-0C08-4B3C-8C01-4D4516553040}.Release|Any CPU.ActiveCfg = Release|Any CPU
		{FC6E7ADD-0C08-4B3C-8C01-4D4516553040}.Release|Any CPU.Build.0 = Release|Any CPU
	EndGlobalSection
	GlobalSection(SolutionProperties) = preSolution
		HideSolutionNode = FALSE
	EndGlobalSection
EndGlobal
